
Microsoft Visual Studio Solution File, Format Version 10.00
# Visual Studio 2008
Project("{F184B08F-C81C-45F6-A57F-5ABD9991F28F}") = "LCARSmain", "LCARSmain\LCARSmain.vbproj", "{C9BDBACC-9C69-4571-929D-DAED7874ED41}"
	ProjectSection(ProjectDependencies) = postProject
		{B0C6DE26-9870-4CC1-A58F-E30B689D4338} = {B0C6DE26-9870-4CC1-A58F-E30B689D4338}
		{62F03F45-D18A-4B2A-9E5E-BA86BC0A31D1} = {62F03F45-D18A-4B2A-9E5E-BA86BC0A31D1}
		{E29F9B56-6C65-4BBB-B52D-FD29A61244C6} = {E29F9B56-6C65-4BBB-B52D-FD29A61244C6}
		{F42CFF5B-719E-4463-B5A0-A3D5EB9C3525} = {F42CFF5B-719E-4463-B5A0-A3D5EB9C3525}
		{483DE7B9-4F26-4D1D-AFB8-514076A08573} = {483DE7B9-4F26-4D1D-AFB8-514076A08573}
	EndProjectSection
EndProject
Project("{F184B08F-C81C-45F6-A57F-5ABD9991F28F}") = "OnScreenKeyboard", "..\OnScreenKeyboard\OnScreenKeyboard\OnScreenKeyboard.vbproj", "{C5ACF266-50F1-49F7-8BEE-CD46C8BFA1C2}"
	ProjectSection(ProjectDependencies) = postProject
		{D3ED0098-5647-4C53-B87C-DFBD8BDE7FE5} = {D3ED0098-5647-4C53-B87C-DFBD8BDE7FE5}
	EndProjectSection
EndProject
Project("{F184B08F-C81C-45F6-A57F-5ABD9991F28F}") = "LCARSbuttons", "..\LCARSbuttons\LCARSbuttons\LCARSbuttons.vbproj", "{D3ED0098-5647-4C53-B87C-DFBD8BDE7FE5}"
EndProject
Project("{F184B08F-C81C-45F6-A57F-5ABD9991F28F}") = "LCARSdestruct", "..\LCARSdestruct\LCARSdestruct\LCARSdestruct.vbproj", "{18688100-8577-4902-9EE2-F0130D2DBFA7}"
EndProject
Project("{F184B08F-C81C-45F6-A57F-5ABD9991F28F}") = "LCARSengineering", "..\LCARSengineering\LCARSengineering\LCARSengineering.vbproj", "{B884777B-0ED0-49FB-BCA9-918D279F0AA0}"
EndProject
Project("{F184B08F-C81C-45F6-A57F-5ABD9991F28F}") = "LCARSexplorer", "..\LCARSexplorer\LCARSexplorer\LCARSexplorer.vbproj", "{143D31BF-B376-415C-88EF-FA313D85D4F4}"
	ProjectSection(ProjectDependencies) = postProject
		{D3ED0098-5647-4C53-B87C-DFBD8BDE7FE5} = {D3ED0098-5647-4C53-B87C-DFBD8BDE7FE5}
	EndProjectSection
EndProject
Project("{F184B08F-C81C-45F6-A57F-5ABD9991F28F}") = "LCARSpic", "..\LCARSpic\LCARSpic.vbproj", "{01C0B575-1C11-40E5-9C57-6A2E58A8A3A8}"
	ProjectSection(ProjectDependencies) = postProject
		{D3ED0098-5647-4C53-B87C-DFBD8BDE7FE5} = {D3ED0098-5647-4C53-B87C-DFBD8BDE7FE5}
	EndProjectSection
EndProject
Project("{F184B08F-C81C-45F6-A57F-5ABD9991F28F}") = "LCARSshutdown", "..\LCARSshutdown\LCARSshutdown\LCARSshutdown.vbproj", "{EFFA4A24-6AB8-473E-A4A6-38501CE8A278}"
EndProject
Project("{F184B08F-C81C-45F6-A57F-5ABD9991F28F}") = "SetShell", "..\SetShell\SetShell\SetShell.vbproj", "{24134098-B08C-4E16-B4AF-865C43DF7313}"
EndProject
Project("{F184B08F-C81C-45F6-A57F-5ABD9991F28F}") = "LCARSTaskManager", "..\LCARSTaskManager\LCARSTaskManager.vbproj", "{F42CFF5B-719E-4463-B5A0-A3D5EB9C3525}"
EndProject
Project("{F184B08F-C81C-45F6-A57F-5ABD9991F28F}") = "Lcars Web Browser", "..\Lcars Web Browser\Lcars Web Browser.vbproj", "{B0C6DE26-9870-4CC1-A58F-E30B689D4338}"
EndProject
Project("{F184B08F-C81C-45F6-A57F-5ABD9991F28F}") = "LcarsX32 Manual", "..\LcarsX32Manual\LcarsX32 Manual\LcarsX32 Manual.vbproj", "{62F03F45-D18A-4B2A-9E5E-BA86BC0A31D1}"
	ProjectSection(ProjectDependencies) = postProject
		{D3ED0098-5647-4C53-B87C-DFBD8BDE7FE5} = {D3ED0098-5647-4C53-B87C-DFBD8BDE7FE5}
	EndProjectSection
EndProject
Project("{F184B08F-C81C-45F6-A57F-5ABD9991F28F}") = "LCARSUpdate", "..\LCARSUpdate\LCARSUpdate\LCARSUpdate.vbproj", "{E29F9B56-6C65-4BBB-B52D-FD29A61244C6}"
	ProjectSection(ProjectDependencies) = postProject
		{D3ED0098-5647-4C53-B87C-DFBD8BDE7FE5} = {D3ED0098-5647-4C53-B87C-DFBD8BDE7FE5}
	EndProjectSection
EndProject
Project("{F184B08F-C81C-45F6-A57F-5ABD9991F28F}") = "runInstallScript", "..\runInstallScript\runInstallScript\runInstallScript.vbproj", "{483DE7B9-4F26-4D1D-AFB8-514076A08573}"
EndProject
Project("{F184B08F-C81C-45F6-A57F-5ABD9991F28F}") = "LCARSLock", "..\LCARSLock\LCARSLock\LCARSLock.vbproj", "{067270F2-6BB1-4B78-BBCF-323085D46520}"
EndProject
Project("{F184B08F-C81C-45F6-A57F-5ABD9991F28F}") = "LCARSsettings", "..\LCARSsettings\LCARSsettings.vbproj", "{748D87C0-0C66-47E7-BCB7-B0D4096EDF9F}"
EndProject
Project("{F184B08F-C81C-45F6-A57F-5ABD9991F28F}") = "LCARSmainTests.vb", "LCARSmainTests.vb\LCARSmainTests.vb.vbproj", "{9FB43C39-D199-415E-922A-DD7C00464978}"
EndProject
Project("{2150E333-8FDC-42A3-9474-1A3956D46DE8}") = "Solution Items", "Solution Items", "{97050F87-6A2B-4BB0-B53D-0DA2D03E6655}"
	ProjectSection(SolutionItems) = preProject
		LCARSmain.vsmdi = LCARSmain.vsmdi
		LocalTestRun.testrunconfig = LocalTestRun.testrunconfig
	EndProjectSection
EndProject
Global
	GlobalSection(TestCaseManagementSettings) = postSolution
		CategoryFile = LCARSmain.vsmdi
	EndGlobalSection
	GlobalSection(SolutionConfigurationPlatforms) = preSolution
		Debug|Any CPU = Debug|Any CPU
		Release|Any CPU = Release|Any CPU
	EndGlobalSection
	GlobalSection(ProjectConfigurationPlatforms) = postSolution
		{C9BDBACC-9C69-4571-929D-DAED7874ED41}.Debug|Any CPU.ActiveCfg = Debug|Any CPU
		{C9BDBACC-9C69-4571-929D-DAED7874ED41}.Debug|Any CPU.Build.0 = Debug|Any CPU
		{C9BDBACC-9C69-4571-929D-DAED7874ED41}.Release|Any CPU.ActiveCfg = Release|Any CPU
		{C9BDBACC-9C69-4571-929D-DAED7874ED41}.Release|Any CPU.Build.0 = Release|Any CPU
		{C5ACF266-50F1-49F7-8BEE-CD46C8BFA1C2}.Debug|Any CPU.ActiveCfg = Debug|Any CPU
		{C5ACF266-50F1-49F7-8BEE-CD46C8BFA1C2}.Debug|Any CPU.Build.0 = Debug|Any CPU
		{C5ACF266-50F1-49F7-8BEE-CD46C8BFA1C2}.Release|Any CPU.ActiveCfg = Release|Any CPU
		{C5ACF266-50F1-49F7-8BEE-CD46C8BFA1C2}.Release|Any CPU.Build.0 = Release|Any CPU
		{D3ED0098-5647-4C53-B87C-DFBD8BDE7FE5}.Debug|Any CPU.ActiveCfg = Debug|Any CPU
		{D3ED0098-5647-4C53-B87C-DFBD8BDE7FE5}.Debug|Any CPU.Build.0 = Debug|Any CPU
		{D3ED0098-5647-4C53-B87C-DFBD8BDE7FE5}.Release|Any CPU.ActiveCfg = Release|Any CPU
		{D3ED0098-5647-4C53-B87C-DFBD8BDE7FE5}.Release|Any CPU.Build.0 = Release|Any CPU
		{18688100-8577-4902-9EE2-F0130D2DBFA7}.Debug|Any CPU.ActiveCfg = Debug|Any CPU
		{18688100-8577-4902-9EE2-F0130D2DBFA7}.Debug|Any CPU.Build.0 = Debug|Any CPU
		{18688100-8577-4902-9EE2-F0130D2DBFA7}.Release|Any CPU.ActiveCfg = Release|Any CPU
		{18688100-8577-4902-9EE2-F0130D2DBFA7}.Release|Any CPU.Build.0 = Release|Any CPU
		{B884777B-0ED0-49FB-BCA9-918D279F0AA0}.Debug|Any CPU.ActiveCfg = Debug|Any CPU
		{B884777B-0ED0-49FB-BCA9-918D279F0AA0}.Debug|Any CPU.Build.0 = Debug|Any CPU
		{B884777B-0ED0-49FB-BCA9-918D279F0AA0}.Release|Any CPU.ActiveCfg = Release|Any CPU
		{B884777B-0ED0-49FB-BCA9-918D279F0AA0}.Release|Any CPU.Build.0 = Release|Any CPU
		{143D31BF-B376-415C-88EF-FA313D85D4F4}.Debug|Any CPU.ActiveCfg = Debug|Any CPU
		{143D31BF-B376-415C-88EF-FA313D85D4F4}.Debug|Any CPU.Build.0 = Debug|Any CPU
		{143D31BF-B376-415C-88EF-FA313D85D4F4}.Release|Any CPU.ActiveCfg = Release|Any CPU
		{143D31BF-B376-415C-88EF-FA313D85D4F4}.Release|Any CPU.Build.0 = Release|Any CPU
		{01C0B575-1C11-40E5-9C57-6A2E58A8A3A8}.Debug|Any CPU.ActiveCfg = Debug|Any CPU
		{01C0B575-1C11-40E5-9C57-6A2E58A8A3A8}.Debug|Any CPU.Build.0 = Debug|Any CPU
		{01C0B575-1C11-40E5-9C57-6A2E58A8A3A8}.Release|Any CPU.ActiveCfg = Release|Any CPU
		{01C0B575-1C11-40E5-9C57-6A2E58A8A3A8}.Release|Any CPU.Build.0 = Release|Any CPU
		{EFFA4A24-6AB8-473E-A4A6-38501CE8A278}.Debug|Any CPU.ActiveCfg = Debug|Any CPU
		{EFFA4A24-6AB8-473E-A4A6-38501CE8A278}.Debug|Any CPU.Build.0 = Debug|Any CPU
		{EFFA4A24-6AB8-473E-A4A6-38501CE8A278}.Release|Any CPU.ActiveCfg = Release|Any CPU
		{EFFA4A24-6AB8-473E-A4A6-38501CE8A278}.Release|Any CPU.Build.0 = Release|Any CPU
		{24134098-B08C-4E16-B4AF-865C43DF7313}.Debug|Any CPU.ActiveCfg = Debug|Any CPU
		{24134098-B08C-4E16-B4AF-865C43DF7313}.Debug|Any CPU.Build.0 = Debug|Any CPU
		{24134098-B08C-4E16-B4AF-865C43DF7313}.Release|Any CPU.ActiveCfg = Release|Any CPU
		{24134098-B08C-4E16-B4AF-865C43DF7313}.Release|Any CPU.Build.0 = Release|Any CPU
		{F42CFF5B-719E-4463-B5A0-A3D5EB9C3525}.Debug|Any CPU.ActiveCfg = Debug|Any CPU
		{F42CFF5B-719E-4463-B5A0-A3D5EB9C3525}.Debug|Any CPU.Build.0 = Debug|Any CPU
		{F42CFF5B-719E-4463-B5A0-A3D5EB9C3525}.Release|Any CPU.ActiveCfg = Release|Any CPU
		{F42CFF5B-719E-4463-B5A0-A3D5EB9C3525}.Release|Any CPU.Build.0 = Release|Any CPU
		{B0C6DE26-9870-4CC1-A58F-E30B689D4338}.Debug|Any CPU.ActiveCfg = Debug|Any CPU
		{B0C6DE26-9870-4CC1-A58F-E30B689D4338}.Debug|Any CPU.Build.0 = Debug|Any CPU
		{B0C6DE26-9870-4CC1-A58F-E30B689D4338}.Release|Any CPU.ActiveCfg = Release|Any CPU
		{B0C6DE26-9870-4CC1-A58F-E30B689D4338}.Release|Any CPU.Build.0 = Release|Any CPU
		{62F03F45-D18A-4B2A-9E5E-BA86BC0A31D1}.Debug|Any CPU.ActiveCfg = Debug|Any CPU
		{62F03F45-D18A-4B2A-9E5E-BA86BC0A31D1}.Debug|Any CPU.Build.0 = Debug|Any CPU
		{62F03F45-D18A-4B2A-9E5E-BA86BC0A31D1}.Release|Any CPU.ActiveCfg = Release|Any CPU
		{62F03F45-D18A-4B2A-9E5E-BA86BC0A31D1}.Release|Any CPU.Build.0 = Release|Any CPU
		{E29F9B56-6C65-4BBB-B52D-FD29A61244C6}.Debug|Any CPU.ActiveCfg = Debug|Any CPU
		{E29F9B56-6C65-4BBB-B52D-FD29A61244C6}.Debug|Any CPU.Build.0 = Debug|Any CPU
		{E29F9B56-6C65-4BBB-B52D-FD29A61244C6}.Release|Any CPU.ActiveCfg = Release|Any CPU
		{E29F9B56-6C65-4BBB-B52D-FD29A61244C6}.Release|Any CPU.Build.0 = Release|Any CPU
		{483DE7B9-4F26-4D1D-AFB8-514076A08573}.Debug|Any CPU.ActiveCfg = Debug|Any CPU
		{483DE7B9-4F26-4D1D-AFB8-514076A08573}.Debug|Any CPU.Build.0 = Debug|Any CPU
		{483DE7B9-4F26-4D1D-AFB8-514076A08573}.Release|Any CPU.ActiveCfg = Release|Any CPU
		{483DE7B9-4F26-4D1D-AFB8-514076A08573}.Release|Any CPU.Build.0 = Release|Any CPU
		{067270F2-6BB1-4B78-BBCF-323085D46520}.Debug|Any CPU.ActiveCfg = Debug|Any CPU
		{067270F2-6BB1-4B78-BBCF-323085D46520}.Debug|Any CPU.Build.0 = Debug|Any CPU
		{067270F2-6BB1-4B78-BBCF-323085D46520}.Release|Any CPU.ActiveCfg = Release|Any CPU
		{067270F2-6BB1-4B78-BBCF-323085D46520}.Release|Any CPU.Build.0 = Release|Any CPU
		{748D87C0-0C66-47E7-BCB7-B0D4096EDF9F}.Debug|Any CPU.ActiveCfg = Debug|Any CPU
		{748D87C0-0C66-47E7-BCB7-B0D4096EDF9F}.Debug|Any CPU.Build.0 = Debug|Any CPU
		{748D87C0-0C66-47E7-BCB7-B0D4096EDF9F}.Release|Any CPU.ActiveCfg = Release|Any CPU
		{748D87C0-0C66-47E7-BCB7-B0D4096EDF9F}.Release|Any CPU.Build.0 = Release|Any CPU
		{9FB43C39-D199-415E-922A-DD7C00464978}.Debug|Any CPU.ActiveCfg = Debug|Any CPU
		{9FB43C39-D199-415E-922A-DD7C00464978}.Debug|Any CPU.Build.0 = Debug|Any CPU
		{9FB43C39-D199-415E-922A-DD7C00464978}.Release|Any CPU.ActiveCfg = Release|Any CPU
		{9FB43C39-D199-415E-922A-DD7C00464978}.Release|Any CPU.Build.0 = Release|Any CPU
	EndGlobalSection
	GlobalSection(SolutionProperties) = preSolution
		HideSolutionNode = FALSE
	EndGlobalSection
EndGlobal
